
Microsoft Visual Studio Solution File, Format Version 12.00
# Visual Studio Version 17
VisualStudioVersion = 17.2.32602.215
MinimumVisualStudioVersion = 10.0.40219.1
Project("{FAE04EC0-301F-11D3-BF4B-00C04F79EFBC}") = "SgbProject", "SgbProject.csproj", "{95D7B814-0741-409B-BDF2-A0CAEDEEBB05}"
EndProject
Global
	GlobalSection(SolutionConfigurationPlatforms) = preSolution
		Debug|Any CPU = Debug|Any CPU
		Release|Any CPU = Release|Any CPU
	EndGlobalSection
	GlobalSection(ProjectConfigurationPlatforms) = postSolution
		{95D7B814-0741-409B-BDF2-A0CAEDEEBB05}.Debug|Any CPU.ActiveCfg = Debug|Any CPU
		{95D7B814-0741-409B-BDF2-A0CAEDEEBB05}.Debug|Any CPU.Build.0 = Debug|Any CPU
		{95D7B814-0741-409B-BDF2-A0CAEDEEBB05}.Release|Any CPU.ActiveCfg = Release|Any CPU
		{95D7B814-0741-409B-BDF2-A0CAEDEEBB05}.Release|Any CPU.Build.0 = Release|Any CPU
	EndGlobalSection
	GlobalSection(SolutionProperties) = preSolution
		HideSolutionNode = FALSE
	EndGlobalSection
	GlobalSection(ExtensibilityGlobals) = postSolution
		SolutionGuid = {A8BABBC6-B7FE-4AE1-BD92-A873E2F3E430}
	EndGlobalSection
EndGlobal
